
Microsoft Visual Studio Solution File, Format Version 12.00
# Visual Studio Version 17
VisualStudioVersion = 17.11.35208.52
MinimumVisualStudioVersion = 10.0.40219.1
Project("{FAE04EC0-301F-11D3-BF4B-00C04F79EFBC}") = "DevCard - Project", "DevCard - Project\DevCard - Project.csproj", "{951A56FF-F09B-47BF-9EE0-CEEBFD47C416}"
EndProject
Global
	GlobalSection(SolutionConfigurationPlatforms) = preSolution
		Debug|Any CPU = Debug|Any CPU
		Release|Any CPU = Release|Any CPU
	EndGlobalSection
	GlobalSection(ProjectConfigurationPlatforms) = postSolution
		{951A56FF-F09B-47BF-9EE0-CEEBFD47C416}.Debug|Any CPU.ActiveCfg = Debug|Any CPU
		{951A56FF-F09B-47BF-9EE0-CEEBFD47C416}.Debug|Any CPU.Build.0 = Debug|Any CPU
		{951A56FF-F09B-47BF-9EE0-CEEBFD47C416}.Release|Any CPU.ActiveCfg = Release|Any CPU
		{951A56FF-F09B-47BF-9EE0-CEEBFD47C416}.Release|Any CPU.Build.0 = Release|Any CPU
	EndGlobalSection
	GlobalSection(SolutionProperties) = preSolution
		HideSolutionNode = FALSE
	EndGlobalSection
	GlobalSection(ExtensibilityGlobals) = postSolution
		SolutionGuid = {C2B7506F-847E-48A4-9956-DC70F94BFCEF}
	EndGlobalSection
EndGlobal
